
Microsoft Visual Studio Solution File, Format Version 12.00
# Visual Studio Version 16
VisualStudioVersion = 16.0.30104.148
MinimumVisualStudioVersion = 10.0.40219.1
Project("{9A19103F-16F7-4668-BE54-9A1E7A4F7556}") = "Atividade4-NúmeroImparouPar", "Atividade4-NúmeroImparouPar.csproj", "{9B537FAE-969D-43EF-9E20-BBD0490B8543}"
EndProject
Global
	GlobalSection(SolutionConfigurationPlatforms) = preSolution
		Debug|Any CPU = Debug|Any CPU
		Release|Any CPU = Release|Any CPU
	EndGlobalSection
	GlobalSection(ProjectConfigurationPlatforms) = postSolution
		{9B537FAE-969D-43EF-9E20-BBD0490B8543}.Debug|Any CPU.ActiveCfg = Debug|Any CPU
		{9B537FAE-969D-43EF-9E20-BBD0490B8543}.Debug|Any CPU.Build.0 = Debug|Any CPU
		{9B537FAE-969D-43EF-9E20-BBD0490B8543}.Release|Any CPU.ActiveCfg = Release|Any CPU
		{9B537FAE-969D-43EF-9E20-BBD0490B8543}.Release|Any CPU.Build.0 = Release|Any CPU
	EndGlobalSection
	GlobalSection(SolutionProperties) = preSolution
		HideSolutionNode = FALSE
	EndGlobalSection
	GlobalSection(ExtensibilityGlobals) = postSolution
		SolutionGuid = {BBE6C222-E055-43F8-A851-7A905F38E697}
	EndGlobalSection
EndGlobal
