
Microsoft Visual Studio Solution File, Format Version 12.00
# Visual Studio Version 16
VisualStudioVersion = 16.0.30104.148
MinimumVisualStudioVersion = 10.0.40219.1
Project("{FAE04EC0-301F-11D3-BF4B-00C04F79EFBC}") = "Atividade1- TrianguloIsoscesles", "Atividade1- TrianguloIsoscesles\Atividade1- TrianguloIsoscesles.csproj", "{B4B726C2-1587-4E65-9822-CEE2E74518CE}"
EndProject
Global
	GlobalSection(SolutionConfigurationPlatforms) = preSolution
		Debug|Any CPU = Debug|Any CPU
		Release|Any CPU = Release|Any CPU
	EndGlobalSection
	GlobalSection(ProjectConfigurationPlatforms) = postSolution
		{B4B726C2-1587-4E65-9822-CEE2E74518CE}.Debug|Any CPU.ActiveCfg = Debug|Any CPU
		{B4B726C2-1587-4E65-9822-CEE2E74518CE}.Debug|Any CPU.Build.0 = Debug|Any CPU
		{B4B726C2-1587-4E65-9822-CEE2E74518CE}.Release|Any CPU.ActiveCfg = Release|Any CPU
		{B4B726C2-1587-4E65-9822-CEE2E74518CE}.Release|Any CPU.Build.0 = Release|Any CPU
	EndGlobalSection
	GlobalSection(SolutionProperties) = preSolution
		HideSolutionNode = FALSE
	EndGlobalSection
	GlobalSection(ExtensibilityGlobals) = postSolution
		SolutionGuid = {E0F9C3CE-29E9-4193-B7CD-DED179D71557}
	EndGlobalSection
EndGlobal
