
Microsoft Visual Studio Solution File, Format Version 12.00
# Visual Studio Version 16
VisualStudioVersion = 16.0.30104.148
MinimumVisualStudioVersion = 10.0.40219.1
Project("{FAE04EC0-301F-11D3-BF4B-00C04F79EFBC}") = "ExemplosArray", "ExemplosArray\ExemplosArray.csproj", "{8C9AC799-E8C8-4942-92F4-DB409A9C92F0}"
EndProject
Global
	GlobalSection(SolutionConfigurationPlatforms) = preSolution
		Debug|Any CPU = Debug|Any CPU
		Release|Any CPU = Release|Any CPU
	EndGlobalSection
	GlobalSection(ProjectConfigurationPlatforms) = postSolution
		{8C9AC799-E8C8-4942-92F4-DB409A9C92F0}.Debug|Any CPU.ActiveCfg = Debug|Any CPU
		{8C9AC799-E8C8-4942-92F4-DB409A9C92F0}.Debug|Any CPU.Build.0 = Debug|Any CPU
		{8C9AC799-E8C8-4942-92F4-DB409A9C92F0}.Release|Any CPU.ActiveCfg = Release|Any CPU
		{8C9AC799-E8C8-4942-92F4-DB409A9C92F0}.Release|Any CPU.Build.0 = Release|Any CPU
	EndGlobalSection
	GlobalSection(SolutionProperties) = preSolution
		HideSolutionNode = FALSE
	EndGlobalSection
	GlobalSection(ExtensibilityGlobals) = postSolution
		SolutionGuid = {C2E74831-D75F-495C-931B-75BEEE382C40}
	EndGlobalSection
EndGlobal
