
Microsoft Visual Studio Solution File, Format Version 12.00
# Visual Studio Version 16
VisualStudioVersion = 16.0.30104.148
MinimumVisualStudioVersion = 10.0.40219.1
Project("{FAE04EC0-301F-11D3-BF4B-00C04F79EFBC}") = "EX1Fibonacci", "EX1Fibonacci\EX1Fibonacci.csproj", "{A58F4038-31BB-4269-B79F-893CA31FB42C}"
EndProject
Global
	GlobalSection(SolutionConfigurationPlatforms) = preSolution
		Debug|Any CPU = Debug|Any CPU
		Release|Any CPU = Release|Any CPU
	EndGlobalSection
	GlobalSection(ProjectConfigurationPlatforms) = postSolution
		{A58F4038-31BB-4269-B79F-893CA31FB42C}.Debug|Any CPU.ActiveCfg = Debug|Any CPU
		{A58F4038-31BB-4269-B79F-893CA31FB42C}.Debug|Any CPU.Build.0 = Debug|Any CPU
		{A58F4038-31BB-4269-B79F-893CA31FB42C}.Release|Any CPU.ActiveCfg = Release|Any CPU
		{A58F4038-31BB-4269-B79F-893CA31FB42C}.Release|Any CPU.Build.0 = Release|Any CPU
	EndGlobalSection
	GlobalSection(SolutionProperties) = preSolution
		HideSolutionNode = FALSE
	EndGlobalSection
	GlobalSection(ExtensibilityGlobals) = postSolution
		SolutionGuid = {B97EB824-6E0D-47A2-9A6F-791B131A42E2}
	EndGlobalSection
EndGlobal
