
Microsoft Visual Studio Solution File, Format Version 12.00
# Visual Studio Version 16
VisualStudioVersion = 16.0.30104.148
MinimumVisualStudioVersion = 10.0.40219.1
Project("{FAE04EC0-301F-11D3-BF4B-00C04F79EFBC}") = "SorteioMagicoSC", "SorteioMagicoSC\SorteioMagicoSC.csproj", "{C5FE77AD-368E-4B50-B9DC-4A8252A3F397}"
EndProject
Global
	GlobalSection(SolutionConfigurationPlatforms) = preSolution
		Debug|Any CPU = Debug|Any CPU
		Release|Any CPU = Release|Any CPU
	EndGlobalSection
	GlobalSection(ProjectConfigurationPlatforms) = postSolution
		{C5FE77AD-368E-4B50-B9DC-4A8252A3F397}.Debug|Any CPU.ActiveCfg = Debug|Any CPU
		{C5FE77AD-368E-4B50-B9DC-4A8252A3F397}.Debug|Any CPU.Build.0 = Debug|Any CPU
		{C5FE77AD-368E-4B50-B9DC-4A8252A3F397}.Release|Any CPU.ActiveCfg = Release|Any CPU
		{C5FE77AD-368E-4B50-B9DC-4A8252A3F397}.Release|Any CPU.Build.0 = Release|Any CPU
	EndGlobalSection
	GlobalSection(SolutionProperties) = preSolution
		HideSolutionNode = FALSE
	EndGlobalSection
	GlobalSection(ExtensibilityGlobals) = postSolution
		SolutionGuid = {DC56CBB7-D39A-4A14-8707-F98C3EA0F955}
	EndGlobalSection
EndGlobal
