
Microsoft Visual Studio Solution File, Format Version 12.00
# Visual Studio Version 16
VisualStudioVersion = 16.0.30104.148
MinimumVisualStudioVersion = 10.0.40219.1
Project("{FAE04EC0-301F-11D3-BF4B-00C04F79EFBC}") = "Ex2PositivosNegativosOuZero", "Ex2PositivosNegativosOuZero\Ex2PositivosNegativosOuZero.csproj", "{767B5182-9A9B-4585-B14F-0FB05FC8124D}"
EndProject
Global
	GlobalSection(SolutionConfigurationPlatforms) = preSolution
		Debug|Any CPU = Debug|Any CPU
		Release|Any CPU = Release|Any CPU
	EndGlobalSection
	GlobalSection(ProjectConfigurationPlatforms) = postSolution
		{767B5182-9A9B-4585-B14F-0FB05FC8124D}.Debug|Any CPU.ActiveCfg = Debug|Any CPU
		{767B5182-9A9B-4585-B14F-0FB05FC8124D}.Debug|Any CPU.Build.0 = Debug|Any CPU
		{767B5182-9A9B-4585-B14F-0FB05FC8124D}.Release|Any CPU.ActiveCfg = Release|Any CPU
		{767B5182-9A9B-4585-B14F-0FB05FC8124D}.Release|Any CPU.Build.0 = Release|Any CPU
	EndGlobalSection
	GlobalSection(SolutionProperties) = preSolution
		HideSolutionNode = FALSE
	EndGlobalSection
	GlobalSection(ExtensibilityGlobals) = postSolution
		SolutionGuid = {969DF32D-B098-4EA0-9E69-0CC85F98AAE5}
	EndGlobalSection
EndGlobal
