
Microsoft Visual Studio Solution File, Format Version 12.00
# Visual Studio Version 16
VisualStudioVersion = 16.0.30104.148
MinimumVisualStudioVersion = 10.0.40219.1
Project("{FAE04EC0-301F-11D3-BF4B-00C04F79EFBC}") = "EX3NotaPeso", "EX3NotaPeso\EX3NotaPeso.csproj", "{B2893486-7756-4FA4-BE71-A8205B6A0697}"
EndProject
Global
	GlobalSection(SolutionConfigurationPlatforms) = preSolution
		Debug|Any CPU = Debug|Any CPU
		Release|Any CPU = Release|Any CPU
	EndGlobalSection
	GlobalSection(ProjectConfigurationPlatforms) = postSolution
		{B2893486-7756-4FA4-BE71-A8205B6A0697}.Debug|Any CPU.ActiveCfg = Debug|Any CPU
		{B2893486-7756-4FA4-BE71-A8205B6A0697}.Debug|Any CPU.Build.0 = Debug|Any CPU
		{B2893486-7756-4FA4-BE71-A8205B6A0697}.Release|Any CPU.ActiveCfg = Release|Any CPU
		{B2893486-7756-4FA4-BE71-A8205B6A0697}.Release|Any CPU.Build.0 = Release|Any CPU
	EndGlobalSection
	GlobalSection(SolutionProperties) = preSolution
		HideSolutionNode = FALSE
	EndGlobalSection
	GlobalSection(ExtensibilityGlobals) = postSolution
		SolutionGuid = {0F622FBB-3CF7-43A5-9489-F1A74F13BFC7}
	EndGlobalSection
EndGlobal
