
Microsoft Visual Studio Solution File, Format Version 12.00
# Visual Studio Version 16
VisualStudioVersion = 16.0.30104.148
MinimumVisualStudioVersion = 10.0.40219.1
Project("{FAE04EC0-301F-11D3-BF4B-00C04F79EFBC}") = "SOFTWAREDECLINICA", "SOFTWAREDECLINICA\SOFTWAREDECLINICA.csproj", "{788F8F1E-9200-4F54-86EB-12559E628AEC}"
EndProject
Global
	GlobalSection(SolutionConfigurationPlatforms) = preSolution
		Debug|Any CPU = Debug|Any CPU
		Release|Any CPU = Release|Any CPU
	EndGlobalSection
	GlobalSection(ProjectConfigurationPlatforms) = postSolution
		{788F8F1E-9200-4F54-86EB-12559E628AEC}.Debug|Any CPU.ActiveCfg = Debug|Any CPU
		{788F8F1E-9200-4F54-86EB-12559E628AEC}.Debug|Any CPU.Build.0 = Debug|Any CPU
		{788F8F1E-9200-4F54-86EB-12559E628AEC}.Release|Any CPU.ActiveCfg = Release|Any CPU
		{788F8F1E-9200-4F54-86EB-12559E628AEC}.Release|Any CPU.Build.0 = Release|Any CPU
	EndGlobalSection
	GlobalSection(SolutionProperties) = preSolution
		HideSolutionNode = FALSE
	EndGlobalSection
	GlobalSection(ExtensibilityGlobals) = postSolution
		SolutionGuid = {98741509-7071-4374-A128-90E455C809F3}
	EndGlobalSection
EndGlobal
