
Microsoft Visual Studio Solution File, Format Version 12.00
# Visual Studio Version 16
VisualStudioVersion = 16.0.30104.148
MinimumVisualStudioVersion = 10.0.40219.1
Project("{FAE04EC0-301F-11D3-BF4B-00C04F79EFBC}") = "Ex2FORInfinito", "Ex2FORInfinito\Ex2FORInfinito.csproj", "{1FEEFB83-A7C7-4E9C-8988-BA6D5C74551E}"
EndProject
Global
	GlobalSection(SolutionConfigurationPlatforms) = preSolution
		Debug|Any CPU = Debug|Any CPU
		Release|Any CPU = Release|Any CPU
	EndGlobalSection
	GlobalSection(ProjectConfigurationPlatforms) = postSolution
		{1FEEFB83-A7C7-4E9C-8988-BA6D5C74551E}.Debug|Any CPU.ActiveCfg = Debug|Any CPU
		{1FEEFB83-A7C7-4E9C-8988-BA6D5C74551E}.Debug|Any CPU.Build.0 = Debug|Any CPU
		{1FEEFB83-A7C7-4E9C-8988-BA6D5C74551E}.Release|Any CPU.ActiveCfg = Release|Any CPU
		{1FEEFB83-A7C7-4E9C-8988-BA6D5C74551E}.Release|Any CPU.Build.0 = Release|Any CPU
	EndGlobalSection
	GlobalSection(SolutionProperties) = preSolution
		HideSolutionNode = FALSE
	EndGlobalSection
	GlobalSection(ExtensibilityGlobals) = postSolution
		SolutionGuid = {5FF0F0A8-A9D0-47CC-9906-F1D859D3692F}
	EndGlobalSection
EndGlobal
