
Microsoft Visual Studio Solution File, Format Version 12.00
# Visual Studio Version 16
VisualStudioVersion = 16.0.30104.148
MinimumVisualStudioVersion = 10.0.40219.1
Project("{FAE04EC0-301F-11D3-BF4B-00C04F79EFBC}") = "JogoDaAdivinhacaoWhile", "JogoDaAdivinhacaoWhile\JogoDaAdivinhacaoWhile.csproj", "{D8CF4BB9-4AA0-4238-BC0F-FB5784CCD217}"
EndProject
Global
	GlobalSection(SolutionConfigurationPlatforms) = preSolution
		Debug|Any CPU = Debug|Any CPU
		Release|Any CPU = Release|Any CPU
	EndGlobalSection
	GlobalSection(ProjectConfigurationPlatforms) = postSolution
		{D8CF4BB9-4AA0-4238-BC0F-FB5784CCD217}.Debug|Any CPU.ActiveCfg = Debug|Any CPU
		{D8CF4BB9-4AA0-4238-BC0F-FB5784CCD217}.Debug|Any CPU.Build.0 = Debug|Any CPU
		{D8CF4BB9-4AA0-4238-BC0F-FB5784CCD217}.Release|Any CPU.ActiveCfg = Release|Any CPU
		{D8CF4BB9-4AA0-4238-BC0F-FB5784CCD217}.Release|Any CPU.Build.0 = Release|Any CPU
	EndGlobalSection
	GlobalSection(SolutionProperties) = preSolution
		HideSolutionNode = FALSE
	EndGlobalSection
	GlobalSection(ExtensibilityGlobals) = postSolution
		SolutionGuid = {86C72574-4FCD-4811-AAE7-2C921F402E9B}
	EndGlobalSection
EndGlobal
